
Microsoft Visual Studio Solution File, Format Version 12.00
# Visual Studio Version 17
VisualStudioVersion = 17.0.31710.8
MinimumVisualStudioVersion = 10.0.40219.1
Project("{FAE04EC0-301F-11D3-BF4B-00C04F79EFBC}") = "WpfMultithreadingPractice", "WpfMultithreadingPractice\WpfMultithreadingPractice.csproj", "{6E2171D8-4D21-49D2-A8BF-D7339E4848CD}"
EndProject
Global
	GlobalSection(SolutionConfigurationPlatforms) = preSolution
		Debug|Any CPU = Debug|Any CPU
		Release|Any CPU = Release|Any CPU
	EndGlobalSection
	GlobalSection(ProjectConfigurationPlatforms) = postSolution
		{6E2171D8-4D21-49D2-A8BF-D7339E4848CD}.Debug|Any CPU.ActiveCfg = Debug|Any CPU
		{6E2171D8-4D21-49D2-A8BF-D7339E4848CD}.Debug|Any CPU.Build.0 = Debug|Any CPU
		{6E2171D8-4D21-49D2-A8BF-D7339E4848CD}.Release|Any CPU.ActiveCfg = Release|Any CPU
		{6E2171D8-4D21-49D2-A8BF-D7339E4848CD}.Release|Any CPU.Build.0 = Release|Any CPU
	EndGlobalSection
	GlobalSection(SolutionProperties) = preSolution
		HideSolutionNode = FALSE
	EndGlobalSection
	GlobalSection(ExtensibilityGlobals) = postSolution
		SolutionGuid = {70DE6BFB-7996-48ED-9B44-863857BC1EDA}
	EndGlobalSection
EndGlobal
